
Microsoft Visual Studio Solution File, Format Version 12.00
# Visual Studio Version 17
VisualStudioVersion = 17.4.33122.133
MinimumVisualStudioVersion = 10.0.40219.1
Project("{FAE04EC0-301F-11D3-BF4B-00C04F79EFBC}") = "Cyberpalata.Model", "Cyberpalata.Model\Cyberpalata.Model.csproj", "{FCB7CC36-997C-4A2B-A8D1-89798A73D245}"
EndProject
Global
	GlobalSection(SolutionConfigurationPlatforms) = preSolution
		Debug|Any CPU = Debug|Any CPU
		Release|Any CPU = Release|Any CPU
	EndGlobalSection
	GlobalSection(ProjectConfigurationPlatforms) = postSolution
		{FCB7CC36-997C-4A2B-A8D1-89798A73D245}.Debug|Any CPU.ActiveCfg = Debug|Any CPU
		{FCB7CC36-997C-4A2B-A8D1-89798A73D245}.Debug|Any CPU.Build.0 = Debug|Any CPU
		{FCB7CC36-997C-4A2B-A8D1-89798A73D245}.Release|Any CPU.ActiveCfg = Release|Any CPU
		{FCB7CC36-997C-4A2B-A8D1-89798A73D245}.Release|Any CPU.Build.0 = Release|Any CPU
	EndGlobalSection
	GlobalSection(SolutionProperties) = preSolution
		HideSolutionNode = FALSE
	EndGlobalSection
	GlobalSection(ExtensibilityGlobals) = postSolution
		SolutionGuid = {2CEDB596-7FF0-4571-B98C-B3A37D602C62}
	EndGlobalSection
EndGlobal
