
Microsoft Visual Studio Solution File, Format Version 12.00
# Visual Studio Version 17
VisualStudioVersion = 17.4.33122.133
MinimumVisualStudioVersion = 10.0.40219.1
Project("{9A19103F-16F7-4668-BE54-9A1E7A4F7556}") = "Cyberpalata.WebApi", "Cyberpalata.WebApi\Cyberpalata.WebApi.csproj", "{F64DB9D9-9308-4B81-9BA0-4B2811BBC7F4}"
EndProject
Project("{9A19103F-16F7-4668-BE54-9A1E7A4F7556}") = "Cyberpalata.DataProvider", "Cyberpalata.DataProvider\Cyberpalata.DataProvider.csproj", "{79497EF2-3C4C-4F3A-AC92-C6274A0511E4}"
EndProject
Project("{FAE04EC0-301F-11D3-BF4B-00C04F79EFBC}") = "Cyberpalata.Model", "Cyberpalata.Model\Cyberpalata.Model.csproj", "{6992F356-FE3B-47F3-B3C1-BCD47E2A70EE}"
EndProject
Global
	GlobalSection(SolutionConfigurationPlatforms) = preSolution
		Debug|Any CPU = Debug|Any CPU
		Release|Any CPU = Release|Any CPU
	EndGlobalSection
	GlobalSection(ProjectConfigurationPlatforms) = postSolution
		{F64DB9D9-9308-4B81-9BA0-4B2811BBC7F4}.Debug|Any CPU.ActiveCfg = Debug|Any CPU
		{F64DB9D9-9308-4B81-9BA0-4B2811BBC7F4}.Debug|Any CPU.Build.0 = Debug|Any CPU
		{F64DB9D9-9308-4B81-9BA0-4B2811BBC7F4}.Release|Any CPU.ActiveCfg = Release|Any CPU
		{F64DB9D9-9308-4B81-9BA0-4B2811BBC7F4}.Release|Any CPU.Build.0 = Release|Any CPU
		{79497EF2-3C4C-4F3A-AC92-C6274A0511E4}.Debug|Any CPU.ActiveCfg = Debug|Any CPU
		{79497EF2-3C4C-4F3A-AC92-C6274A0511E4}.Debug|Any CPU.Build.0 = Debug|Any CPU
		{79497EF2-3C4C-4F3A-AC92-C6274A0511E4}.Release|Any CPU.ActiveCfg = Release|Any CPU
		{79497EF2-3C4C-4F3A-AC92-C6274A0511E4}.Release|Any CPU.Build.0 = Release|Any CPU
		{6992F356-FE3B-47F3-B3C1-BCD47E2A70EE}.Debug|Any CPU.ActiveCfg = Debug|Any CPU
		{6992F356-FE3B-47F3-B3C1-BCD47E2A70EE}.Debug|Any CPU.Build.0 = Debug|Any CPU
		{6992F356-FE3B-47F3-B3C1-BCD47E2A70EE}.Release|Any CPU.ActiveCfg = Release|Any CPU
		{6992F356-FE3B-47F3-B3C1-BCD47E2A70EE}.Release|Any CPU.Build.0 = Release|Any CPU
	EndGlobalSection
	GlobalSection(SolutionProperties) = preSolution
		HideSolutionNode = FALSE
	EndGlobalSection
	GlobalSection(ExtensibilityGlobals) = postSolution
		SolutionGuid = {1DAC8BD1-BAF9-4B36-A86A-A9B830F2148C}
	EndGlobalSection
EndGlobal
